// !$*UTF8*$!
{
	archiveVersion = 1;
	classes = {
	};
	objectVersion = 50;
	objects = {

/* Begin PBXBuildFile section */
		391B1E6D22A61123009EFDFF /* AppDelegate.swift in Sources */ = {isa = PBXBuildFile; fileRef = 391B1E6C22A61123009EFDFF /* AppDelegate.swift */; };
		391B1E7522A61123009EFDFF /* Movs.xcdatamodeld in Sources */ = {isa = PBXBuildFile; fileRef = 391B1E7322A61123009EFDFF /* Movs.xcdatamodeld */; };
		391B1E7722A61125009EFDFF /* Assets.xcassets in Resources */ = {isa = PBXBuildFile; fileRef = 391B1E7622A61125009EFDFF /* Assets.xcassets */; };
		391B1E7A22A61125009EFDFF /* LaunchScreen.storyboard in Resources */ = {isa = PBXBuildFile; fileRef = 391B1E7822A61125009EFDFF /* LaunchScreen.storyboard */; };
		391B1E8522A61126009EFDFF /* MovsTests.swift in Sources */ = {isa = PBXBuildFile; fileRef = 391B1E8422A61126009EFDFF /* MovsTests.swift */; };
		391B1E9022A61126009EFDFF /* MovsUITests.swift in Sources */ = {isa = PBXBuildFile; fileRef = 391B1E8F22A61126009EFDFF /* MovsUITests.swift */; };
		391B1E9E22A61387009EFDFF /* Config.swift in Sources */ = {isa = PBXBuildFile; fileRef = 391B1E9D22A61387009EFDFF /* Config.swift */; };
		391B1EA022A61688009EFDFF /* TabBarViewController.swift in Sources */ = {isa = PBXBuildFile; fileRef = 391B1E9F22A61688009EFDFF /* TabBarViewController.swift */; };
		391B1EA622A61B11009EFDFF /* MoviesCollectionViewController.swift in Sources */ = {isa = PBXBuildFile; fileRef = 391B1EA522A61B11009EFDFF /* MoviesCollectionViewController.swift */; };
		391B1EA822A61CBC009EFDFF /* FavoritesTableViewController.swift in Sources */ = {isa = PBXBuildFile; fileRef = 391B1EA722A61CBC009EFDFF /* FavoritesTableViewController.swift */; };
		391B1EAA22A61DFB009EFDFF /* MovieCollectionViewCell.swift in Sources */ = {isa = PBXBuildFile; fileRef = 391B1EA922A61DFB009EFDFF /* MovieCollectionViewCell.swift */; };
		391B1EAC22A61E71009EFDFF /* DetailViewController.swift in Sources */ = {isa = PBXBuildFile; fileRef = 391B1EAB22A61E71009EFDFF /* DetailViewController.swift */; };
		3975EFF422AB5697005BA3A1 /* GenreManager.swift in Sources */ = {isa = PBXBuildFile; fileRef = 3975EFF322AB5697005BA3A1 /* GenreManager.swift */; };
		3975EFF622AB56D2005BA3A1 /* MovieApiManager.swift in Sources */ = {isa = PBXBuildFile; fileRef = 3975EFF522AB56D2005BA3A1 /* MovieApiManager.swift */; };
		3975EFF822AB5961005BA3A1 /* ViewController+CoreData.swift in Sources */ = {isa = PBXBuildFile; fileRef = 3975EFF722AB5961005BA3A1 /* ViewController+CoreData.swift */; };
		3975EFFB22AB6111005BA3A1 /* RestManager.swift in Sources */ = {isa = PBXBuildFile; fileRef = 3975EFEF22AB5583005BA3A1 /* RestManager.swift */; };
		3975EFFC22AB6118005BA3A1 /* ImageManager.swift in Sources */ = {isa = PBXBuildFile; fileRef = 3975EFF122AB55FF005BA3A1 /* ImageManager.swift */; };
		7F7A556222A6D962000F1F1A /* MoviesApi.swift in Sources */ = {isa = PBXBuildFile; fileRef = 7F7A556122A6D962000F1F1A /* MoviesApi.swift */; };
		7F7A556422A6D981000F1F1A /* Movie.swift in Sources */ = {isa = PBXBuildFile; fileRef = 7F7A556322A6D981000F1F1A /* Movie.swift */; };
		7F7A556622A6D993000F1F1A /* Genre.swift in Sources */ = {isa = PBXBuildFile; fileRef = 7F7A556522A6D993000F1F1A /* Genre.swift */; };
		7F7A556822A6D9A5000F1F1A /* GenresApi.swift in Sources */ = {isa = PBXBuildFile; fileRef = 7F7A556722A6D9A5000F1F1A /* GenresApi.swift */; };
		7F7A556A22A70FF5000F1F1A /* FavoriteTableViewCell.swift in Sources */ = {isa = PBXBuildFile; fileRef = 7F7A556922A70FF4000F1F1A /* FavoriteTableViewCell.swift */; };
/* End PBXBuildFile section */

/* Begin PBXContainerItemProxy section */
		391B1E8122A61126009EFDFF /* PBXContainerItemProxy */ = {
			isa = PBXContainerItemProxy;
			containerPortal = 391B1E6122A61123009EFDFF /* Project object */;
			proxyType = 1;
			remoteGlobalIDString = 391B1E6822A61123009EFDFF;
			remoteInfo = Movs;
		};
		391B1E8C22A61126009EFDFF /* PBXContainerItemProxy */ = {
			isa = PBXContainerItemProxy;
			containerPortal = 391B1E6122A61123009EFDFF /* Project object */;
			proxyType = 1;
			remoteGlobalIDString = 391B1E6822A61123009EFDFF;
			remoteInfo = Movs;
		};
/* End PBXContainerItemProxy section */

/* Begin PBXFileReference section */
		391B1E6922A61123009EFDFF /* Movs.app */ = {isa = PBXFileReference; explicitFileType = wrapper.application; includeInIndex = 0; path = Movs.app; sourceTree = BUILT_PRODUCTS_DIR; };
		391B1E6C22A61123009EFDFF /* AppDelegate.swift */ = {isa = PBXFileReference; lastKnownFileType = sourcecode.swift; path = AppDelegate.swift; sourceTree = "<group>"; };
		391B1E7422A61123009EFDFF /* Movs.xcdatamodel */ = {isa = PBXFileReference; lastKnownFileType = wrapper.xcdatamodel; path = Movs.xcdatamodel; sourceTree = "<group>"; };
		391B1E7622A61125009EFDFF /* Assets.xcassets */ = {isa = PBXFileReference; lastKnownFileType = folder.assetcatalog; path = Assets.xcassets; sourceTree = "<group>"; };
		391B1E7922A61125009EFDFF /* Base */ = {isa = PBXFileReference; lastKnownFileType = file.storyboard; name = Base; path = Base.lproj/LaunchScreen.storyboard; sourceTree = "<group>"; };
		391B1E7B22A61125009EFDFF /* Info.plist */ = {isa = PBXFileReference; lastKnownFileType = text.plist.xml; path = Info.plist; sourceTree = "<group>"; };
		391B1E8022A61125009EFDFF /* MovsTests.xctest */ = {isa = PBXFileReference; explicitFileType = wrapper.cfbundle; includeInIndex = 0; path = MovsTests.xctest; sourceTree = BUILT_PRODUCTS_DIR; };
		391B1E8422A61126009EFDFF /* MovsTests.swift */ = {isa = PBXFileReference; lastKnownFileType = sourcecode.swift; path = MovsTests.swift; sourceTree = "<group>"; };
		391B1E8622A61126009EFDFF /* Info.plist */ = {isa = PBXFileReference; lastKnownFileType = text.plist.xml; path = Info.plist; sourceTree = "<group>"; };
		391B1E8B22A61126009EFDFF /* MovsUITests.xctest */ = {isa = PBXFileReference; explicitFileType = wrapper.cfbundle; includeInIndex = 0; path = MovsUITests.xctest; sourceTree = BUILT_PRODUCTS_DIR; };
		391B1E8F22A61126009EFDFF /* MovsUITests.swift */ = {isa = PBXFileReference; lastKnownFileType = sourcecode.swift; path = MovsUITests.swift; sourceTree = "<group>"; };
		391B1E9122A61126009EFDFF /* Info.plist */ = {isa = PBXFileReference; lastKnownFileType = text.plist.xml; path = Info.plist; sourceTree = "<group>"; };
		391B1E9D22A61387009EFDFF /* Config.swift */ = {isa = PBXFileReference; lastKnownFileType = sourcecode.swift; path = Config.swift; sourceTree = "<group>"; };
		391B1E9F22A61688009EFDFF /* TabBarViewController.swift */ = {isa = PBXFileReference; lastKnownFileType = sourcecode.swift; path = TabBarViewController.swift; sourceTree = "<group>"; };
		391B1EA522A61B11009EFDFF /* MoviesCollectionViewController.swift */ = {isa = PBXFileReference; lastKnownFileType = sourcecode.swift; path = MoviesCollectionViewController.swift; sourceTree = "<group>"; };
		391B1EA722A61CBC009EFDFF /* FavoritesTableViewController.swift */ = {isa = PBXFileReference; lastKnownFileType = sourcecode.swift; path = FavoritesTableViewController.swift; sourceTree = "<group>"; };
		391B1EA922A61DFB009EFDFF /* MovieCollectionViewCell.swift */ = {isa = PBXFileReference; lastKnownFileType = sourcecode.swift; path = MovieCollectionViewCell.swift; sourceTree = "<group>"; };
		391B1EAB22A61E71009EFDFF /* DetailViewController.swift */ = {isa = PBXFileReference; lastKnownFileType = sourcecode.swift; path = DetailViewController.swift; sourceTree = "<group>"; };
		3975EFEF22AB5583005BA3A1 /* RestManager.swift */ = {isa = PBXFileReference; lastKnownFileType = sourcecode.swift; path = RestManager.swift; sourceTree = "<group>"; };
		3975EFF122AB55FF005BA3A1 /* ImageManager.swift */ = {isa = PBXFileReference; lastKnownFileType = sourcecode.swift; path = ImageManager.swift; sourceTree = "<group>"; };
		3975EFF322AB5697005BA3A1 /* GenreManager.swift */ = {isa = PBXFileReference; lastKnownFileType = sourcecode.swift; path = GenreManager.swift; sourceTree = "<group>"; };
		3975EFF522AB56D2005BA3A1 /* MovieApiManager.swift */ = {isa = PBXFileReference; lastKnownFileType = sourcecode.swift; path = MovieApiManager.swift; sourceTree = "<group>"; };
		3975EFF722AB5961005BA3A1 /* ViewController+CoreData.swift */ = {isa = PBXFileReference; lastKnownFileType = sourcecode.swift; path = "ViewController+CoreData.swift"; sourceTree = "<group>"; };
		7F7A556122A6D962000F1F1A /* MoviesApi.swift */ = {isa = PBXFileReference; lastKnownFileType = sourcecode.swift; path = MoviesApi.swift; sourceTree = "<group>"; };
		7F7A556322A6D981000F1F1A /* Movie.swift */ = {isa = PBXFileReference; lastKnownFileType = sourcecode.swift; path = Movie.swift; sourceTree = "<group>"; };
		7F7A556522A6D993000F1F1A /* Genre.swift */ = {isa = PBXFileReference; lastKnownFileType = sourcecode.swift; path = Genre.swift; sourceTree = "<group>"; };
		7F7A556722A6D9A5000F1F1A /* GenresApi.swift */ = {isa = PBXFileReference; lastKnownFileType = sourcecode.swift; path = GenresApi.swift; sourceTree = "<group>"; };
		7F7A556922A70FF4000F1F1A /* FavoriteTableViewCell.swift */ = {isa = PBXFileReference; lastKnownFileType = sourcecode.swift; path = FavoriteTableViewCell.swift; sourceTree = "<group>"; };
/* End PBXFileReference section */

/* Begin PBXFrameworksBuildPhase section */
		391B1E6622A61123009EFDFF /* Frameworks */ = {
			isa = PBXFrameworksBuildPhase;
			buildActionMask = 2147483647;
			files = (
			);
			runOnlyForDeploymentPostprocessing = 0;
		};
		391B1E7D22A61125009EFDFF /* Frameworks */ = {
			isa = PBXFrameworksBuildPhase;
			buildActionMask = 2147483647;
			files = (
			);
			runOnlyForDeploymentPostprocessing = 0;
		};
		391B1E8822A61126009EFDFF /* Frameworks */ = {
			isa = PBXFrameworksBuildPhase;
			buildActionMask = 2147483647;
			files = (
			);
			runOnlyForDeploymentPostprocessing = 0;
		};
/* End PBXFrameworksBuildPhase section */

/* Begin PBXGroup section */
		391B1E6022A61123009EFDFF = {
			isa = PBXGroup;
			children = (
				391B1E6B22A61123009EFDFF /* Movs */,
				391B1E8322A61126009EFDFF /* MovsTests */,
				391B1E8E22A61126009EFDFF /* MovsUITests */,
				391B1E6A22A61123009EFDFF /* Products */,
			);
			sourceTree = "<group>";
		};
		391B1E6A22A61123009EFDFF /* Products */ = {
			isa = PBXGroup;
			children = (
				391B1E6922A61123009EFDFF /* Movs.app */,
				391B1E8022A61125009EFDFF /* MovsTests.xctest */,
				391B1E8B22A61126009EFDFF /* MovsUITests.xctest */,
			);
			name = Products;
			sourceTree = "<group>";
		};
		391B1E6B22A61123009EFDFF /* Movs */ = {
			isa = PBXGroup;
			children = (
				391B1E6C22A61123009EFDFF /* AppDelegate.swift */,
				391B1E9D22A61387009EFDFF /* Config.swift */,
				7F7A556122A6D962000F1F1A /* MoviesApi.swift */,
				7F7A556322A6D981000F1F1A /* Movie.swift */,
				7F7A556522A6D993000F1F1A /* Genre.swift */,
				7F7A556722A6D9A5000F1F1A /* GenresApi.swift */,
				391B1EA522A61B11009EFDFF /* MoviesCollectionViewController.swift */,
				3975EFF722AB5961005BA3A1 /* ViewController+CoreData.swift */,
				391B1EA922A61DFB009EFDFF /* MovieCollectionViewCell.swift */,
				391B1E9F22A61688009EFDFF /* TabBarViewController.swift */,
				391B1EAB22A61E71009EFDFF /* DetailViewController.swift */,
				391B1EA722A61CBC009EFDFF /* FavoritesTableViewController.swift */,
				3975EFEF22AB5583005BA3A1 /* RestManager.swift */,
				3975EFF122AB55FF005BA3A1 /* ImageManager.swift */,
				3975EFF322AB5697005BA3A1 /* GenreManager.swift */,
				3975EFF522AB56D2005BA3A1 /* MovieApiManager.swift */,
				7F7A556922A70FF4000F1F1A /* FavoriteTableViewCell.swift */,
				391B1E7622A61125009EFDFF /* Assets.xcassets */,
				391B1E7822A61125009EFDFF /* LaunchScreen.storyboard */,
				391B1E7B22A61125009EFDFF /* Info.plist */,
				391B1E7322A61123009EFDFF /* Movs.xcdatamodeld */,
			);
			path = Movs;
			sourceTree = "<group>";
		};
		391B1E8322A61126009EFDFF /* MovsTests */ = {
			isa = PBXGroup;
			children = (
				391B1E8422A61126009EFDFF /* MovsTests.swift */,
				391B1E8622A61126009EFDFF /* Info.plist */,
			);
			path = MovsTests;
			sourceTree = "<group>";
		};
		391B1E8E22A61126009EFDFF /* MovsUITests */ = {
			isa = PBXGroup;
			children = (
				391B1E8F22A61126009EFDFF /* MovsUITests.swift */,
				391B1E9122A61126009EFDFF /* Info.plist */,
			);
			path = MovsUITests;
			sourceTree = "<group>";
		};
/* End PBXGroup section */

/* Begin PBXNativeTarget section */
		391B1E6822A61123009EFDFF /* Movs */ = {
			isa = PBXNativeTarget;
			buildConfigurationList = 391B1E9422A61126009EFDFF /* Build configuration list for PBXNativeTarget "Movs" */;
			buildPhases = (
				391B1E6522A61123009EFDFF /* Sources */,
				391B1E6622A61123009EFDFF /* Frameworks */,
				391B1E6722A61123009EFDFF /* Resources */,
			);
			buildRules = (
			);
			dependencies = (
			);
			name = Movs;
			productName = Movs;
			productReference = 391B1E6922A61123009EFDFF /* Movs.app */;
			productType = "com.apple.product-type.application";
		};
		391B1E7F22A61125009EFDFF /* MovsTests */ = {
			isa = PBXNativeTarget;
			buildConfigurationList = 391B1E9722A61126009EFDFF /* Build configuration list for PBXNativeTarget "MovsTests" */;
			buildPhases = (
				391B1E7C22A61125009EFDFF /* Sources */,
				391B1E7D22A61125009EFDFF /* Frameworks */,
				391B1E7E22A61125009EFDFF /* Resources */,
			);
			buildRules = (
			);
			dependencies = (
				391B1E8222A61126009EFDFF /* PBXTargetDependency */,
			);
			name = MovsTests;
			productName = MovsTests;
			productReference = 391B1E8022A61125009EFDFF /* MovsTests.xctest */;
			productType = "com.apple.product-type.bundle.unit-test";
		};
		391B1E8A22A61126009EFDFF /* MovsUITests */ = {
			isa = PBXNativeTarget;
			buildConfigurationList = 391B1E9A22A61126009EFDFF /* Build configuration list for PBXNativeTarget "MovsUITests" */;
			buildPhases = (
				391B1E8722A61126009EFDFF /* Sources */,
				391B1E8822A61126009EFDFF /* Frameworks */,
				391B1E8922A61126009EFDFF /* Resources */,
			);
			buildRules = (
			);
			dependencies = (
				391B1E8D22A61126009EFDFF /* PBXTargetDependency */,
			);
			name = MovsUITests;
			productName = MovsUITests;
			productReference = 391B1E8B22A61126009EFDFF /* MovsUITests.xctest */;
			productType = "com.apple.product-type.bundle.ui-testing";
		};
/* End PBXNativeTarget section */

/* Begin PBXProject section */
		391B1E6122A61123009EFDFF /* Project object */ = {
			isa = PBXProject;
			attributes = {
				LastSwiftUpdateCheck = 1010;
				LastUpgradeCheck = 1010;
				ORGANIZATIONNAME = Gustavo;
				TargetAttributes = {
					391B1E6822A61123009EFDFF = {
						CreatedOnToolsVersion = 10.1;
					};
					391B1E7F22A61125009EFDFF = {
						CreatedOnToolsVersion = 10.1;
						TestTargetID = 391B1E6822A61123009EFDFF;
					};
					391B1E8A22A61126009EFDFF = {
						CreatedOnToolsVersion = 10.1;
						TestTargetID = 391B1E6822A61123009EFDFF;
					};
				};
			};
			buildConfigurationList = 391B1E6422A61123009EFDFF /* Build configuration list for PBXProject "Movs" */;
			compatibilityVersion = "Xcode 9.3";
			developmentRegion = en;
			hasScannedForEncodings = 0;
			knownRegions = (
				en,
				Base,
			);
			mainGroup = 391B1E6022A61123009EFDFF;
			productRefGroup = 391B1E6A22A61123009EFDFF /* Products */;
			projectDirPath = "";
			projectRoot = "";
			targets = (
				391B1E6822A61123009EFDFF /* Movs */,
				391B1E7F22A61125009EFDFF /* MovsTests */,
				391B1E8A22A61126009EFDFF /* MovsUITests */,
			);
		};
/* End PBXProject section */

/* Begin PBXResourcesBuildPhase section */
		391B1E6722A61123009EFDFF /* Resources */ = {
			isa = PBXResourcesBuildPhase;
			buildActionMask = 2147483647;
			files = (
				391B1E7A22A61125009EFDFF /* LaunchScreen.storyboard in Resources */,
				391B1E7722A61125009EFDFF /* Assets.xcassets in Resources */,
			);
			runOnlyForDeploymentPostprocessing = 0;
		};
		391B1E7E22A61125009EFDFF /* Resources */ = {
			isa = PBXResourcesBuildPhase;
			buildActionMask = 2147483647;
			files = (
			);
			runOnlyForDeploymentPostprocessing = 0;
		};
		391B1E8922A61126009EFDFF /* Resources */ = {
			isa = PBXResourcesBuildPhase;
			buildActionMask = 2147483647;
			files = (
			);
			runOnlyForDeploymentPostprocessing = 0;
		};
/* End PBXResourcesBuildPhase section */

/* Begin PBXSourcesBuildPhase section */
		391B1E6522A61123009EFDFF /* Sources */ = {
			isa = PBXSourcesBuildPhase;
			buildActionMask = 2147483647;
			files = (
				391B1EA022A61688009EFDFF /* TabBarViewController.swift in Sources */,
				3975EFFC22AB6118005BA3A1 /* ImageManager.swift in Sources */,
				3975EFF422AB5697005BA3A1 /* GenreManager.swift in Sources */,
				3975EFF822AB5961005BA3A1 /* ViewController+CoreData.swift in Sources */,
				391B1EA622A61B11009EFDFF /* MoviesCollectionViewController.swift in Sources */,
				391B1E9E22A61387009EFDFF /* Config.swift in Sources */,
				7F7A556622A6D993000F1F1A /* Genre.swift in Sources */,
				7F7A556822A6D9A5000F1F1A /* GenresApi.swift in Sources */,
				391B1EA822A61CBC009EFDFF /* FavoritesTableViewController.swift in Sources */,
				3975EFFB22AB6111005BA3A1 /* RestManager.swift in Sources */,
				7F7A556422A6D981000F1F1A /* Movie.swift in Sources */,
				7F7A556A22A70FF5000F1F1A /* FavoriteTableViewCell.swift in Sources */,
				391B1EAA22A61DFB009EFDFF /* MovieCollectionViewCell.swift in Sources */,
				391B1E7522A61123009EFDFF /* Movs.xcdatamodeld in Sources */,
				391B1E6D22A61123009EFDFF /* AppDelegate.swift in Sources */,
				3975EFF622AB56D2005BA3A1 /* MovieApiManager.swift in Sources */,
				7F7A556222A6D962000F1F1A /* MoviesApi.swift in Sources */,
				391B1EAC22A61E71009EFDFF /* DetailViewController.swift in Sources */,
			);
			runOnlyForDeploymentPostprocessing = 0;
		};
		391B1E7C22A61125009EFDFF /* Sources */ = {
			isa = PBXSourcesBuildPhase;
			buildActionMask = 2147483647;
			files = (
				391B1E8522A61126009EFDFF /* MovsTests.swift in Sources */,
			);
			runOnlyForDeploymentPostprocessing = 0;
		};
		391B1E8722A61126009EFDFF /* Sources */ = {
			isa = PBXSourcesBuildPhase;
			buildActionMask = 2147483647;
			files = (
				391B1E9022A61126009EFDFF /* MovsUITests.swift in Sources */,
			);
			runOnlyForDeploymentPostprocessing = 0;
		};
/* End PBXSourcesBuildPhase section */

/* Begin PBXTargetDependency section */
		391B1E8222A61126009EFDFF /* PBXTargetDependency */ = {
			isa = PBXTargetDependency;
			target = 391B1E6822A61123009EFDFF /* Movs */;
			targetProxy = 391B1E8122A61126009EFDFF /* PBXContainerItemProxy */;
		};
		391B1E8D22A61126009EFDFF /* PBXTargetDependency */ = {
			isa = PBXTargetDependency;
			target = 391B1E6822A61123009EFDFF /* Movs */;
			targetProxy = 391B1E8C22A61126009EFDFF /* PBXContainerItemProxy */;
		};
/* End PBXTargetDependency section */

/* Begin PBXVariantGroup section */
		391B1E7822A61125009EFDFF /* LaunchScreen.storyboard */ = {
			isa = PBXVariantGroup;
			children = (
				391B1E7922A61125009EFDFF /* Base */,
			);
			name = LaunchScreen.storyboard;
			sourceTree = "<group>";
		};
/* End PBXVariantGroup section */

/* Begin XCBuildConfiguration section */
		391B1E9222A61126009EFDFF /* Debug */ = {
			isa = XCBuildConfiguration;
			buildSettings = {
				ALWAYS_SEARCH_USER_PATHS = NO;
				CLANG_ANALYZER_NONNULL = YES;
				CLANG_ANALYZER_NUMBER_OBJECT_CONVERSION = YES_AGGRESSIVE;
				CLANG_CXX_LANGUAGE_STANDARD = "gnu++14";
				CLANG_CXX_LIBRARY = "libc++";
				CLANG_ENABLE_MODULES = YES;
				CLANG_ENABLE_OBJC_ARC = YES;
				CLANG_ENABLE_OBJC_WEAK = YES;
				CLANG_WARN_BLOCK_CAPTURE_AUTORELEASING = YES;
				CLANG_WARN_BOOL_CONVERSION = YES;
				CLANG_WARN_COMMA = YES;
				CLANG_WARN_CONSTANT_CONVERSION = YES;
				CLANG_WARN_DEPRECATED_OBJC_IMPLEMENTATIONS = YES;
				CLANG_WARN_DIRECT_OBJC_ISA_USAGE = YES_ERROR;
				CLANG_WARN_DOCUMENTATION_COMMENTS = YES;
				CLANG_WARN_EMPTY_BODY = YES;
				CLANG_WARN_ENUM_CONVERSION = YES;
				CLANG_WARN_INFINITE_RECURSION = YES;
				CLANG_WARN_INT_CONVERSION = YES;
				CLANG_WARN_NON_LITERAL_NULL_CONVERSION = YES;
				CLANG_WARN_OBJC_IMPLICIT_RETAIN_SELF = YES;
				CLANG_WARN_OBJC_LITERAL_CONVERSION = YES;
				CLANG_WARN_OBJC_ROOT_CLASS = YES_ERROR;
				CLANG_WARN_RANGE_LOOP_ANALYSIS = YES;
				CLANG_WARN_STRICT_PROTOTYPES = YES;
				CLANG_WARN_SUSPICIOUS_MOVE = YES;
				CLANG_WARN_UNGUARDED_AVAILABILITY = YES_AGGRESSIVE;
				CLANG_WARN_UNREACHABLE_CODE = YES;
				CLANG_WARN__DUPLICATE_METHOD_MATCH = YES;
				CODE_SIGN_IDENTITY = "iPhone Developer";
				COPY_PHASE_STRIP = NO;
				DEBUG_INFORMATION_FORMAT = dwarf;
				ENABLE_STRICT_OBJC_MSGSEND = YES;
				ENABLE_TESTABILITY = YES;
				GCC_C_LANGUAGE_STANDARD = gnu11;
				GCC_DYNAMIC_NO_PIC = NO;
				GCC_NO_COMMON_BLOCKS = YES;
				GCC_OPTIMIZATION_LEVEL = 0;
				GCC_PREPROCESSOR_DEFINITIONS = (
					"DEBUG=1",
					"$(inherited)",
				);
				GCC_WARN_64_TO_32_BIT_CONVERSION = YES;
				GCC_WARN_ABOUT_RETURN_TYPE = YES_ERROR;
				GCC_WARN_UNDECLARED_SELECTOR = YES;
				GCC_WARN_UNINITIALIZED_AUTOS = YES_AGGRESSIVE;
				GCC_WARN_UNUSED_FUNCTION = YES;
				GCC_WARN_UNUSED_VARIABLE = YES;
				IPHONEOS_DEPLOYMENT_TARGET = 12.1;
				MTL_ENABLE_DEBUG_INFO = INCLUDE_SOURCE;
				MTL_FAST_MATH = YES;
				ONLY_ACTIVE_ARCH = YES;
				SDKROOT = iphoneos;
				SWIFT_ACTIVE_COMPILATION_CONDITIONS = DEBUG;
				SWIFT_OPTIMIZATION_LEVEL = "-Onone";
			};
			name = Debug;
		};
		391B1E9322A61126009EFDFF /* Release */ = {
			isa = XCBuildConfiguration;
			buildSettings = {
				ALWAYS_SEARCH_USER_PATHS = NO;
				CLANG_ANALYZER_NONNULL = YES;
				CLANG_ANALYZER_NUMBER_OBJECT_CONVERSION = YES_AGGRESSIVE;
				CLANG_CXX_LANGUAGE_STANDARD = "gnu++14";
				CLANG_CXX_LIBRARY = "libc++";
				CLANG_ENABLE_MODULES = YES;
				CLANG_ENABLE_OBJC_ARC = YES;
				CLANG_ENABLE_OBJC_WEAK = YES;
				CLANG_WARN_BLOCK_CAPTURE_AUTORELEASING = YES;
				CLANG_WARN_BOOL_CONVERSION = YES;
				CLANG_WARN_COMMA = YES;
				CLANG_WARN_CONSTANT_CONVERSION = YES;
				CLANG_WARN_DEPRECATED_OBJC_IMPLEMENTATIONS = YES;
				CLANG_WARN_DIRECT_OBJC_ISA_USAGE = YES_ERROR;
				CLANG_WARN_DOCUMENTATION_COMMENTS = YES;
				CLANG_WARN_EMPTY_BODY = YES;
				CLANG_WARN_ENUM_CONVERSION = YES;
				CLANG_WARN_INFINITE_RECURSION = YES;
				CLANG_WARN_INT_CONVERSION = YES;
				CLANG_WARN_NON_LITERAL_NULL_CONVERSION = YES;
				CLANG_WARN_OBJC_IMPLICIT_RETAIN_SELF = YES;
				CLANG_WARN_OBJC_LITERAL_CONVERSION = YES;
				CLANG_WARN_OBJC_ROOT_CLASS = YES_ERROR;
				CLANG_WARN_RANGE_LOOP_ANALYSIS = YES;
				CLANG_WARN_STRICT_PROTOTYPES = YES;
				CLANG_WARN_SUSPICIOUS_MOVE = YES;
				CLANG_WARN_UNGUARDED_AVAILABILITY = YES_AGGRESSIVE;
				CLANG_WARN_UNREACHABLE_CODE = YES;
				CLANG_WARN__DUPLICATE_METHOD_MATCH = YES;
				CODE_SIGN_IDENTITY = "iPhone Developer";
				COPY_PHASE_STRIP = NO;
				DEBUG_INFORMATION_FORMAT = "dwarf-with-dsym";
				ENABLE_NS_ASSERTIONS = NO;
				ENABLE_STRICT_OBJC_MSGSEND = YES;
				GCC_C_LANGUAGE_STANDARD = gnu11;
				GCC_NO_COMMON_BLOCKS = YES;
				GCC_WARN_64_TO_32_BIT_CONVERSION = YES;
				GCC_WARN_ABOUT_RETURN_TYPE = YES_ERROR;
				GCC_WARN_UNDECLARED_SELECTOR = YES;
				GCC_WARN_UNINITIALIZED_AUTOS = YES_AGGRESSIVE;
				GCC_WARN_UNUSED_FUNCTION = YES;
				GCC_WARN_UNUSED_VARIABLE = YES;
				IPHONEOS_DEPLOYMENT_TARGET = 12.1;
				MTL_ENABLE_DEBUG_INFO = NO;
				MTL_FAST_MATH = YES;
				SDKROOT = iphoneos;
				SWIFT_COMPILATION_MODE = wholemodule;
				SWIFT_OPTIMIZATION_LEVEL = "-O";
				VALIDATE_PRODUCT = YES;
			};
			name = Release;
		};
		391B1E9522A61126009EFDFF /* Debug */ = {
			isa = XCBuildConfiguration;
			buildSettings = {
				ASSETCATALOG_COMPILER_APPICON_NAME = AppIcon;
				CODE_SIGN_STYLE = Automatic;
				INFOPLIST_FILE = Movs/Info.plist;
				LD_RUNPATH_SEARCH_PATHS = (
					"$(inherited)",
					"@executable_path/Frameworks",
				);
				PRODUCT_BUNDLE_IDENTIFIER = br.com.Movs;
				PRODUCT_NAME = "$(TARGET_NAME)";
				SWIFT_VERSION = 4.2;
				TARGETED_DEVICE_FAMILY = "1,2";
			};
			name = Debug;
		};
		391B1E9622A61126009EFDFF /* Release */ = {
			isa = XCBuildConfiguration;
			buildSettings = {
				ASSETCATALOG_COMPILER_APPICON_NAME = AppIcon;
				CODE_SIGN_STYLE = Automatic;
				INFOPLIST_FILE = Movs/Info.plist;
				LD_RUNPATH_SEARCH_PATHS = (
					"$(inherited)",
					"@executable_path/Frameworks",
				);
				PRODUCT_BUNDLE_IDENTIFIER = br.com.Movs;
				PRODUCT_NAME = "$(TARGET_NAME)";
				SWIFT_VERSION = 4.2;
				TARGETED_DEVICE_FAMILY = "1,2";
			};
			name = Release;
		};
		391B1E9822A61126009EFDFF /* Debug */ = {
			isa = XCBuildConfiguration;
			buildSettings = {
				ALWAYS_EMBED_SWIFT_STANDARD_LIBRARIES = YES;
				BUNDLE_LOADER = "$(TEST_HOST)";
				CODE_SIGN_STYLE = Automatic;
				INFOPLIST_FILE = MovsTests/Info.plist;
				LD_RUNPATH_SEARCH_PATHS = (
					"$(inherited)",
					"@executable_path/Frameworks",
					"@loader_path/Frameworks",
				);
				PRODUCT_BUNDLE_IDENTIFIER = br.com.MovsTests;
				PRODUCT_NAME = "$(TARGET_NAME)";
				SWIFT_VERSION = 4.2;
				TARGETED_DEVICE_FAMILY = "1,2";
				TEST_HOST = "$(BUILT_PRODUCTS_DIR)/Movs.app/Movs";
			};
			name = Debug;
		};
		391B1E9922A61126009EFDFF /* Release */ = {
			isa = XCBuildConfiguration;
			buildSettings = {
				ALWAYS_EMBED_SWIFT_STANDARD_LIBRARIES = YES;
				BUNDLE_LOADER = "$(TEST_HOST)";
				CODE_SIGN_STYLE = Automatic;
				INFOPLIST_FILE = MovsTests/Info.plist;
				LD_RUNPATH_SEARCH_PATHS = (
					"$(inherited)",
					"@executable_path/Frameworks",
					"@loader_path/Frameworks",
				);
				PRODUCT_BUNDLE_IDENTIFIER = br.com.MovsTests;
				PRODUCT_NAME = "$(TARGET_NAME)";
				SWIFT_VERSION = 4.2;
				TARGETED_DEVICE_FAMILY = "1,2";
				TEST_HOST = "$(BUILT_PRODUCTS_DIR)/Movs.app/Movs";
			};
			name = Release;
		};
		391B1E9B22A61126009EFDFF /* Debug */ = {
			isa = XCBuildConfiguration;
			buildSettings = {
				ALWAYS_EMBED_SWIFT_STANDARD_LIBRARIES = YES;
				CODE_SIGN_STYLE = Automatic;
				INFOPLIST_FILE = MovsUITests/Info.plist;
				LD_RUNPATH_SEARCH_PATHS = (
					"$(inherited)",
					"@executable_path/Frameworks",
					"@loader_path/Frameworks",
				);
				PRODUCT_BUNDLE_IDENTIFIER = br.com.MovsUITests;
				PRODUCT_NAME = "$(TARGET_NAME)";
				SWIFT_VERSION = 4.2;
				TARGETED_DEVICE_FAMILY = "1,2";
				TEST_TARGET_NAME = Movs;
			};
			name = Debug;
		};
		391B1E9C22A61126009EFDFF /* Release */ = {
			isa = XCBuildConfiguration;
			buildSettings = {
				ALWAYS_EMBED_SWIFT_STANDARD_LIBRARIES = YES;
				CODE_SIGN_STYLE = Automatic;
				INFOPLIST_FILE = MovsUITests/Info.plist;
				LD_RUNPATH_SEARCH_PATHS = (
					"$(inherited)",
					"@executable_path/Frameworks",
					"@loader_path/Frameworks",
				);
				PRODUCT_BUNDLE_IDENTIFIER = br.com.MovsUITests;
				PRODUCT_NAME = "$(TARGET_NAME)";
				SWIFT_VERSION = 4.2;
				TARGETED_DEVICE_FAMILY = "1,2";
				TEST_TARGET_NAME = Movs;
			};
			name = Release;
		};
/* End XCBuildConfiguration section */

/* Begin XCConfigurationList section */
		391B1E6422A61123009EFDFF /* Build configuration list for PBXProject "Movs" */ = {
			isa = XCConfigurationList;
			buildConfigurations = (
				391B1E9222A61126009EFDFF /* Debug */,
				391B1E9322A61126009EFDFF /* Release */,
			);
			defaultConfigurationIsVisible = 0;
			defaultConfigurationName = Release;
		};
		391B1E9422A61126009EFDFF /* Build configuration list for PBXNativeTarget "Movs" */ = {
			isa = XCConfigurationList;
			buildConfigurations = (
				391B1E9522A61126009EFDFF /* Debug */,
				391B1E9622A61126009EFDFF /* Release */,
			);
			defaultConfigurationIsVisible = 0;
			defaultConfigurationName = Release;
		};
		391B1E9722A61126009EFDFF /* Build configuration list for PBXNativeTarget "MovsTests" */ = {
			isa = XCConfigurationList;
			buildConfigurations = (
				391B1E9822A61126009EFDFF /* Debug */,
				391B1E9922A61126009EFDFF /* Release */,
			);
			defaultConfigurationIsVisible = 0;
			defaultConfigurationName = Release;
		};
		391B1E9A22A61126009EFDFF /* Build configuration list for PBXNativeTarget "MovsUITests" */ = {
			isa = XCConfigurationList;
			buildConfigurations = (
				391B1E9B22A61126009EFDFF /* Debug */,
				391B1E9C22A61126009EFDFF /* Release */,
			);
			defaultConfigurationIsVisible = 0;
			defaultConfigurationName = Release;
		};
/* End XCConfigurationList section */

/* Begin XCVersionGroup section */
		391B1E7322A61123009EFDFF /* Movs.xcdatamodeld */ = {
			isa = XCVersionGroup;
			children = (
				391B1E7422A61123009EFDFF /* Movs.xcdatamodel */,
			);
			currentVersion = 391B1E7422A61123009EFDFF /* Movs.xcdatamodel */;
			path = Movs.xcdatamodeld;
			sourceTree = "<group>";
			versionGroupType = wrapper.xcdatamodel;
		};
/* End XCVersionGroup section */
	};
	rootObject = 391B1E6122A61123009EFDFF /* Project object */;
}
